Microsoft Visual Studio Solution File, Format Version 12.00
# Visual Studio 2012
Project("{FAE04EC0-301F-11D3-BF4B-00C04F79EFBC}") = "keyboard-overlay", "keyboard-overlay.csproj", "{58A3C4B5-0DBA-4064-9B3C-876CD2321DCC}"
EndProject
Global
	GlobalSection(SolutionConfigurationPlatforms) = preSolution
	Debug|Any CPU = Debug|Any CPU
	ExportDebug|Any CPU = ExportDebug|Any CPU
	ExportRelease|Any CPU = ExportRelease|Any CPU
	EndGlobalSection
	GlobalSection(ProjectConfigurationPlatforms) = postSolution
		{58A3C4B5-0DBA-4064-9B3C-876CD2321DCC}.Debug|Any CPU.ActiveCfg = Debug|Any CPU
		{58A3C4B5-0DBA-4064-9B3C-876CD2321DCC}.Debug|Any CPU.Build.0 = Debug|Any CPU
		{58A3C4B5-0DBA-4064-9B3C-876CD2321DCC}.ExportDebug|Any CPU.ActiveCfg = ExportDebug|Any CPU
		{58A3C4B5-0DBA-4064-9B3C-876CD2321DCC}.ExportDebug|Any CPU.Build.0 = ExportDebug|Any CPU
		{58A3C4B5-0DBA-4064-9B3C-876CD2321DCC}.ExportRelease|Any CPU.ActiveCfg = ExportRelease|Any CPU
		{58A3C4B5-0DBA-4064-9B3C-876CD2321DCC}.ExportRelease|Any CPU.Build.0 = ExportRelease|Any CPU
	EndGlobalSection
EndGlobal
